PODS:
  - MHTRunTimeEnvironment (0.1.4)

DEPENDENCIES:
  - MHTRunTimeEnvironment (from `../`)

EXTERNAL SOURCES:
  MHTRunTimeEnvironment:
    :path: "../"

SPEC CHECKSUMS:
  MHTRunTimeEnvironment: 3b1080b571e6a79251431948e02af3f75a8469b6

PODFILE CHECKSUM: eab6a9b6c43bd0ed503a1df2f917c7cc461f680e

COCOAPODS: 1.16.2
