PODS:
  - MHTRunTimeEnvironment (0.1.3)

DEPENDENCIES:
  - MHTRunTimeEnvironment (from `../`)

EXTERNAL SOURCES:
  MHTRunTimeEnvironment:
    :path: "../"

SPEC CHECKSUMS:
  MHTRunTimeEnvironment: 4ffab1dfcae7af153467695bc5836d78a88300b9

PODFILE CHECKSUM: eab6a9b6c43bd0ed503a1df2f917c7cc461f680e

COCOAPODS: 1.16.2
